
Microsoft Visual Studio Solution File, Format Version 12.00
# Visual Studio Version 16
VisualStudioVersion = 16.0.30907.101
MinimumVisualStudioVersion = 10.0.40219.1
Project("{FAE04EC0-301F-11D3-BF4B-00C04F79EFBC}") = "ODataSwagger", "ODataSwagger\ODataSwagger.csproj", "{FC098423-67B2-4E36-AADF-80B147221969}"
EndProject
Global
	GlobalSection(SolutionConfigurationPlatforms) = preSolution
		Debug|Any CPU = Debug|Any CPU
		Release|Any CPU = Release|Any CPU
	EndGlobalSection
	GlobalSection(ProjectConfigurationPlatforms) = postSolution
		{FC098423-67B2-4E36-AADF-80B147221969}.Debug|Any CPU.ActiveCfg = Debug|Any CPU
		{FC098423-67B2-4E36-AADF-80B147221969}.Debug|Any CPU.Build.0 = Debug|Any CPU
		{FC098423-67B2-4E36-AADF-80B147221969}.Release|Any CPU.ActiveCfg = Release|Any CPU
		{FC098423-67B2-4E36-AADF-80B147221969}.Release|Any CPU.Build.0 = Release|Any CPU
	EndGlobalSection
	GlobalSection(SolutionProperties) = preSolution
		HideSolutionNode = FALSE
	EndGlobalSection
	GlobalSection(ExtensibilityGlobals) = postSolution
		SolutionGuid = {7664CC83-D28A-45C0-A2B6-68AAFBE07FED}
	EndGlobalSection
EndGlobal
